
Microsoft Visual Studio Solution File, Format Version 12.00
# Visual Studio Version 16
VisualStudioVersion = 16.0.30217.145
MinimumVisualStudioVersion = 10.0.40219.1
Project("{FAE04EC0-301F-11D3-BF4B-00C04F79EFBC}") = "NinaTestNETCoreConsoleApp", "NinaTestNETCoreConsoleApp\NinaTestNETCoreConsoleApp.csproj", "{A5FD3873-5E59-4B6F-BC35-A512FAC822D9}"
EndProject
Global
	GlobalSection(SolutionConfigurationPlatforms) = preSolution
		Debug|Any CPU = Debug|Any CPU
		Release|Any CPU = Release|Any CPU
	EndGlobalSection
	GlobalSection(ProjectConfigurationPlatforms) = postSolution
		{A5FD3873-5E59-4B6F-BC35-A512FAC822D9}.Debug|Any CPU.ActiveCfg = Debug|Any CPU
		{A5FD3873-5E59-4B6F-BC35-A512FAC822D9}.Debug|Any CPU.Build.0 = Debug|Any CPU
		{A5FD3873-5E59-4B6F-BC35-A512FAC822D9}.Release|Any CPU.ActiveCfg = Release|Any CPU
		{A5FD3873-5E59-4B6F-BC35-A512FAC822D9}.Release|Any CPU.Build.0 = Release|Any CPU
	EndGlobalSection
	GlobalSection(SolutionProperties) = preSolution
		HideSolutionNode = FALSE
	EndGlobalSection
	GlobalSection(ExtensibilityGlobals) = postSolution
		SolutionGuid = {0F8AC368-8FC6-41F8-A567-925EC4C5DA27}
	EndGlobalSection
EndGlobal
